
Microsoft Visual Studio Solution File, Format Version 12.00
# Visual Studio Version 17
VisualStudioVersion = 17.0.31903.59
MinimumVisualStudioVersion = 10.0.40219.1
Project("{FAE04EC0-301F-11D3-BF4B-00C04F79EFBC}") = "Avanadi.Api", "Avanadi.Api\Avanadi.Api.csproj", "{52769582-EC8A-4F13-AEC7-BD520053E1F3}"
EndProject
Project("{FAE04EC0-301F-11D3-BF4B-00C04F79EFBC}") = "Vendas.Api", "Vendas.Api\Vendas.Api.csproj", "{A3F102CA-CE0D-48BF-99F5-42D99EA4D9BE}"
EndProject
Global
	GlobalSection(SolutionConfigurationPlatforms) = preSolution
		Debug|Any CPU = Debug|Any CPU
		Debug|x64 = Debug|x64
		Debug|x86 = Debug|x86
		Release|Any CPU = Release|Any CPU
		Release|x64 = Release|x64
		Release|x86 = Release|x86
	EndGlobalSection
	GlobalSection(ProjectConfigurationPlatforms) = postSolution
		{52769582-EC8A-4F13-AEC7-BD520053E1F3}.Debug|Any CPU.ActiveCfg = Debug|Any CPU
		{52769582-EC8A-4F13-AEC7-BD520053E1F3}.Debug|Any CPU.Build.0 = Debug|Any CPU
		{52769582-EC8A-4F13-AEC7-BD520053E1F3}.Debug|x64.ActiveCfg = Debug|Any CPU
		{52769582-EC8A-4F13-AEC7-BD520053E1F3}.Debug|x64.Build.0 = Debug|Any CPU
		{52769582-EC8A-4F13-AEC7-BD520053E1F3}.Debug|x86.ActiveCfg = Debug|Any CPU
		{52769582-EC8A-4F13-AEC7-BD520053E1F3}.Debug|x86.Build.0 = Debug|Any CPU
		{52769582-EC8A-4F13-AEC7-BD520053E1F3}.Release|Any CPU.ActiveCfg = Release|Any CPU
		{52769582-EC8A-4F13-AEC7-BD520053E1F3}.Release|Any CPU.Build.0 = Release|Any CPU
		{52769582-EC8A-4F13-AEC7-BD520053E1F3}.Release|x64.ActiveCfg = Release|Any CPU
		{52769582-EC8A-4F13-AEC7-BD520053E1F3}.Release|x64.Build.0 = Release|Any CPU
		{52769582-EC8A-4F13-AEC7-BD520053E1F3}.Release|x86.ActiveCfg = Release|Any CPU
		{52769582-EC8A-4F13-AEC7-BD520053E1F3}.Release|x86.Build.0 = Release|Any CPU
		{A3F102CA-CE0D-48BF-99F5-42D99EA4D9BE}.Debug|Any CPU.ActiveCfg = Debug|Any CPU
		{A3F102CA-CE0D-48BF-99F5-42D99EA4D9BE}.Debug|Any CPU.Build.0 = Debug|Any CPU
		{A3F102CA-CE0D-48BF-99F5-42D99EA4D9BE}.Debug|x64.ActiveCfg = Debug|Any CPU
		{A3F102CA-CE0D-48BF-99F5-42D99EA4D9BE}.Debug|x64.Build.0 = Debug|Any CPU
		{A3F102CA-CE0D-48BF-99F5-42D99EA4D9BE}.Debug|x86.ActiveCfg = Debug|Any CPU
		{A3F102CA-CE0D-48BF-99F5-42D99EA4D9BE}.Debug|x86.Build.0 = Debug|Any CPU
		{A3F102CA-CE0D-48BF-99F5-42D99EA4D9BE}.Release|Any CPU.ActiveCfg = Release|Any CPU
		{A3F102CA-CE0D-48BF-99F5-42D99EA4D9BE}.Release|Any CPU.Build.0 = Release|Any CPU
		{A3F102CA-CE0D-48BF-99F5-42D99EA4D9BE}.Release|x64.ActiveCfg = Release|Any CPU
		{A3F102CA-CE0D-48BF-99F5-42D99EA4D9BE}.Release|x64.Build.0 = Release|Any CPU
		{A3F102CA-CE0D-48BF-99F5-42D99EA4D9BE}.Release|x86.ActiveCfg = Release|Any CPU
		{A3F102CA-CE0D-48BF-99F5-42D99EA4D9BE}.Release|x86.Build.0 = Release|Any CPU
	EndGlobalSection
	GlobalSection(SolutionProperties) = preSolution
		HideSolutionNode = FALSE
	EndGlobalSection
EndGlobal
